
Microsoft Visual Studio Solution File, Format Version 12.00
# Visual Studio 2013
VisualStudioVersion = 12.0.21005.1
MinimumVisualStudioVersion = 10.0.40219.1
Project("{FAE04EC0-301F-11D3-BF4B-00C04F79EFBC}") = "PassKeep", "PassKeep\PassKeep.csproj", "{DAD4C868-0CE2-4AA2-A771-559A50A238AD}"
EndProject
Project("{FAE04EC0-301F-11D3-BF4B-00C04F79EFBC}") = "PassKeep.Tests", "PassKeep.KeePassTests\PassKeep.Tests.csproj", "{71C69787-4283-44DA-AA5C-EFDDFEF7D814}"
EndProject
Project("{8BC9CEB8-8B4A-11D0-8D11-00A0C91BC942}") = "NativeKeePassHelper", "NativeKeePassHelper\NativeKeePassHelper\NativeKeePassHelper.vcxproj", "{7104E3EC-4DDE-4ACE-96B2-864FC7DB4452}"
EndProject
Project("{FAE04EC0-301F-11D3-BF4B-00C04F79EFBC}") = "PassKeep.WindowsLib", "PassKeep.WindowsLib\PassKeep.WindowsLib.csproj", "{55359721-5120-41C5-B9EF-F8F4DC696065}"
EndProject
Project("{FAE04EC0-301F-11D3-BF4B-00C04F79EFBC}") = "PassKeep.PhoneLib", "PassKeep.PhoneLib\PassKeep.PhoneLib.csproj", "{5CBF6AC4-4CA3-43C6-8D69-F1FEB941DD17}"
EndProject
Project("{FAE04EC0-301F-11D3-BF4B-00C04F79EFBC}") = "SariphLib", "SariphLib\SariphLib.csproj", "{E94503D3-9FE7-480E-9396-ABE1E3DB71F2}"
EndProject
Global
	GlobalSection(SolutionConfigurationPlatforms) = preSolution
		Debug|Any CPU = Debug|Any CPU
		Debug|ARM = Debug|ARM
		Debug|Mixed Platforms = Debug|Mixed Platforms
		Debug|Win32 = Debug|Win32
		Debug|x64 = Debug|x64
		Debug|x86 = Debug|x86
		Release|Any CPU = Release|Any CPU
		Release|ARM = Release|ARM
		Release|Mixed Platforms = Release|Mixed Platforms
		Release|Win32 = Release|Win32
		Release|x64 = Release|x64
		Release|x86 = Release|x86
	EndGlobalSection
	GlobalSection(ProjectConfigurationPlatforms) = postSolution
		{DAD4C868-0CE2-4AA2-A771-559A50A238AD}.Debug|Any CPU.ActiveCfg = Debug|Any CPU
		{DAD4C868-0CE2-4AA2-A771-559A50A238AD}.Debug|Any CPU.Build.0 = Debug|Any CPU
		{DAD4C868-0CE2-4AA2-A771-559A50A238AD}.Debug|Any CPU.Deploy.0 = Debug|Any CPU
		{DAD4C868-0CE2-4AA2-A771-559A50A238AD}.Debug|ARM.ActiveCfg = Debug|ARM
		{DAD4C868-0CE2-4AA2-A771-559A50A238AD}.Debug|ARM.Build.0 = Debug|ARM
		{DAD4C868-0CE2-4AA2-A771-559A50A238AD}.Debug|ARM.Deploy.0 = Debug|ARM
		{DAD4C868-0CE2-4AA2-A771-559A50A238AD}.Debug|Mixed Platforms.ActiveCfg = Debug|Any CPU
		{DAD4C868-0CE2-4AA2-A771-559A50A238AD}.Debug|Mixed Platforms.Build.0 = Debug|Any CPU
		{DAD4C868-0CE2-4AA2-A771-559A50A238AD}.Debug|Mixed Platforms.Deploy.0 = Debug|Any CPU
		{DAD4C868-0CE2-4AA2-A771-559A50A238AD}.Debug|Win32.ActiveCfg = Debug|x86
		{DAD4C868-0CE2-4AA2-A771-559A50A238AD}.Debug|Win32.Build.0 = Debug|x86
		{DAD4C868-0CE2-4AA2-A771-559A50A238AD}.Debug|Win32.Deploy.0 = Debug|x86
		{DAD4C868-0CE2-4AA2-A771-559A50A238AD}.Debug|x64.ActiveCfg = Debug|x64
		{DAD4C868-0CE2-4AA2-A771-559A50A238AD}.Debug|x64.Build.0 = Debug|x64
		{DAD4C868-0CE2-4AA2-A771-559A50A238AD}.Debug|x64.Deploy.0 = Debug|x64
		{DAD4C868-0CE2-4AA2-A771-559A50A238AD}.Debug|x86.ActiveCfg = Debug|x86
		{DAD4C868-0CE2-4AA2-A771-559A50A238AD}.Debug|x86.Build.0 = Debug|x86
		{DAD4C868-0CE2-4AA2-A771-559A50A238AD}.Debug|x86.Deploy.0 = Debug|x86
		{DAD4C868-0CE2-4AA2-A771-559A50A238AD}.Release|Any CPU.ActiveCfg = Release|Any CPU
		{DAD4C868-0CE2-4AA2-A771-559A50A238AD}.Release|Any CPU.Build.0 = Release|Any CPU
		{DAD4C868-0CE2-4AA2-A771-559A50A238AD}.Release|Any CPU.Deploy.0 = Release|Any CPU
		{DAD4C868-0CE2-4AA2-A771-559A50A238AD}.Release|ARM.ActiveCfg = Release|ARM
		{DAD4C868-0CE2-4AA2-A771-559A50A238AD}.Release|ARM.Build.0 = Release|ARM
		{DAD4C868-0CE2-4AA2-A771-559A50A238AD}.Release|ARM.Deploy.0 = Release|ARM
		{DAD4C868-0CE2-4AA2-A771-559A50A238AD}.Release|Mixed Platforms.ActiveCfg = Release|x86
		{DAD4C868-0CE2-4AA2-A771-559A50A238AD}.Release|Mixed Platforms.Build.0 = Release|x86
		{DAD4C868-0CE2-4AA2-A771-559A50A238AD}.Release|Mixed Platforms.Deploy.0 = Release|x86
		{DAD4C868-0CE2-4AA2-A771-559A50A238AD}.Release|Win32.ActiveCfg = Release|x86
		{DAD4C868-0CE2-4AA2-A771-559A50A238AD}.Release|Win32.Build.0 = Release|x86
		{DAD4C868-0CE2-4AA2-A771-559A50A238AD}.Release|Win32.Deploy.0 = Release|x86
		{DAD4C868-0CE2-4AA2-A771-559A50A238AD}.Release|x64.ActiveCfg = Release|x64
		{DAD4C868-0CE2-4AA2-A771-559A50A238AD}.Release|x64.Build.0 = Release|x64
		{DAD4C868-0CE2-4AA2-A771-559A50A238AD}.Release|x64.Deploy.0 = Release|x64
		{DAD4C868-0CE2-4AA2-A771-559A50A238AD}.Release|x86.ActiveCfg = Release|x86
		{DAD4C868-0CE2-4AA2-A771-559A50A238AD}.Release|x86.Build.0 = Release|x86
		{DAD4C868-0CE2-4AA2-A771-559A50A238AD}.Release|x86.Deploy.0 = Release|x86
		{71C69787-4283-44DA-AA5C-EFDDFEF7D814}.Debug|Any CPU.ActiveCfg = Debug|Any CPU
		{71C69787-4283-44DA-AA5C-EFDDFEF7D814}.Debug|Any CPU.Build.0 = Debug|Any CPU
		{71C69787-4283-44DA-AA5C-EFDDFEF7D814}.Debug|Any CPU.Deploy.0 = Debug|Any CPU
		{71C69787-4283-44DA-AA5C-EFDDFEF7D814}.Debug|ARM.ActiveCfg = Debug|ARM
		{71C69787-4283-44DA-AA5C-EFDDFEF7D814}.Debug|ARM.Build.0 = Debug|ARM
		{71C69787-4283-44DA-AA5C-EFDDFEF7D814}.Debug|ARM.Deploy.0 = Debug|ARM
		{71C69787-4283-44DA-AA5C-EFDDFEF7D814}.Debug|Mixed Platforms.ActiveCfg = Debug|Any CPU
		{71C69787-4283-44DA-AA5C-EFDDFEF7D814}.Debug|Mixed Platforms.Build.0 = Debug|Any CPU
		{71C69787-4283-44DA-AA5C-EFDDFEF7D814}.Debug|Mixed Platforms.Deploy.0 = Debug|Any CPU
		{71C69787-4283-44DA-AA5C-EFDDFEF7D814}.Debug|Win32.ActiveCfg = Debug|x86
		{71C69787-4283-44DA-AA5C-EFDDFEF7D814}.Debug|Win32.Build.0 = Debug|x86
		{71C69787-4283-44DA-AA5C-EFDDFEF7D814}.Debug|Win32.Deploy.0 = Debug|x86
		{71C69787-4283-44DA-AA5C-EFDDFEF7D814}.Debug|x64.ActiveCfg = Debug|x64
		{71C69787-4283-44DA-AA5C-EFDDFEF7D814}.Debug|x64.Build.0 = Debug|x64
		{71C69787-4283-44DA-AA5C-EFDDFEF7D814}.Debug|x64.Deploy.0 = Debug|x64
		{71C69787-4283-44DA-AA5C-EFDDFEF7D814}.Debug|x86.ActiveCfg = Debug|x86
		{71C69787-4283-44DA-AA5C-EFDDFEF7D814}.Debug|x86.Build.0 = Debug|x86
		{71C69787-4283-44DA-AA5C-EFDDFEF7D814}.Debug|x86.Deploy.0 = Debug|x86
		{71C69787-4283-44DA-AA5C-EFDDFEF7D814}.Release|Any CPU.ActiveCfg = Release|Any CPU
		{71C69787-4283-44DA-AA5C-EFDDFEF7D814}.Release|Any CPU.Build.0 = Release|Any CPU
		{71C69787-4283-44DA-AA5C-EFDDFEF7D814}.Release|Any CPU.Deploy.0 = Release|Any CPU
		{71C69787-4283-44DA-AA5C-EFDDFEF7D814}.Release|ARM.ActiveCfg = Release|ARM
		{71C69787-4283-44DA-AA5C-EFDDFEF7D814}.Release|ARM.Build.0 = Release|ARM
		{71C69787-4283-44DA-AA5C-EFDDFEF7D814}.Release|ARM.Deploy.0 = Release|ARM
		{71C69787-4283-44DA-AA5C-EFDDFEF7D814}.Release|Mixed Platforms.ActiveCfg = Release|x86
		{71C69787-4283-44DA-AA5C-EFDDFEF7D814}.Release|Mixed Platforms.Build.0 = Release|x86
		{71C69787-4283-44DA-AA5C-EFDDFEF7D814}.Release|Mixed Platforms.Deploy.0 = Release|x86
		{71C69787-4283-44DA-AA5C-EFDDFEF7D814}.Release|Win32.ActiveCfg = Release|x86
		{71C69787-4283-44DA-AA5C-EFDDFEF7D814}.Release|Win32.Build.0 = Release|x86
		{71C69787-4283-44DA-AA5C-EFDDFEF7D814}.Release|Win32.Deploy.0 = Release|x86
		{71C69787-4283-44DA-AA5C-EFDDFEF7D814}.Release|x64.ActiveCfg = Release|x64
		{71C69787-4283-44DA-AA5C-EFDDFEF7D814}.Release|x64.Build.0 = Release|x64
		{71C69787-4283-44DA-AA5C-EFDDFEF7D814}.Release|x64.Deploy.0 = Release|x64
		{71C69787-4283-44DA-AA5C-EFDDFEF7D814}.Release|x86.ActiveCfg = Release|x86
		{71C69787-4283-44DA-AA5C-EFDDFEF7D814}.Release|x86.Build.0 = Release|x86
		{71C69787-4283-44DA-AA5C-EFDDFEF7D814}.Release|x86.Deploy.0 = Release|x86
		{7104E3EC-4DDE-4ACE-96B2-864FC7DB4452}.Debug|Any CPU.ActiveCfg = Debug|Win32
		{7104E3EC-4DDE-4ACE-96B2-864FC7DB4452}.Debug|ARM.ActiveCfg = Debug|ARM
		{7104E3EC-4DDE-4ACE-96B2-864FC7DB4452}.Debug|ARM.Build.0 = Debug|ARM
		{7104E3EC-4DDE-4ACE-96B2-864FC7DB4452}.Debug|Mixed Platforms.ActiveCfg = Debug|Win32
		{7104E3EC-4DDE-4ACE-96B2-864FC7DB4452}.Debug|Mixed Platforms.Build.0 = Debug|Win32
		{7104E3EC-4DDE-4ACE-96B2-864FC7DB4452}.Debug|Win32.ActiveCfg = Debug|Win32
		{7104E3EC-4DDE-4ACE-96B2-864FC7DB4452}.Debug|Win32.Build.0 = Debug|Win32
		{7104E3EC-4DDE-4ACE-96B2-864FC7DB4452}.Debug|x64.ActiveCfg = Debug|x64
		{7104E3EC-4DDE-4ACE-96B2-864FC7DB4452}.Debug|x64.Build.0 = Debug|x64
		{7104E3EC-4DDE-4ACE-96B2-864FC7DB4452}.Debug|x86.ActiveCfg = Debug|Win32
		{7104E3EC-4DDE-4ACE-96B2-864FC7DB4452}.Debug|x86.Build.0 = Debug|Win32
		{7104E3EC-4DDE-4ACE-96B2-864FC7DB4452}.Release|Any CPU.ActiveCfg = Release|Win32
		{7104E3EC-4DDE-4ACE-96B2-864FC7DB4452}.Release|ARM.ActiveCfg = Release|ARM
		{7104E3EC-4DDE-4ACE-96B2-864FC7DB4452}.Release|ARM.Build.0 = Release|ARM
		{7104E3EC-4DDE-4ACE-96B2-864FC7DB4452}.Release|Mixed Platforms.ActiveCfg = Release|Win32
		{7104E3EC-4DDE-4ACE-96B2-864FC7DB4452}.Release|Mixed Platforms.Build.0 = Release|Win32
		{7104E3EC-4DDE-4ACE-96B2-864FC7DB4452}.Release|Win32.ActiveCfg = Release|Win32
		{7104E3EC-4DDE-4ACE-96B2-864FC7DB4452}.Release|Win32.Build.0 = Release|Win32
		{7104E3EC-4DDE-4ACE-96B2-864FC7DB4452}.Release|x64.ActiveCfg = Release|x64
		{7104E3EC-4DDE-4ACE-96B2-864FC7DB4452}.Release|x64.Build.0 = Release|x64
		{7104E3EC-4DDE-4ACE-96B2-864FC7DB4452}.Release|x86.ActiveCfg = Release|Win32
		{7104E3EC-4DDE-4ACE-96B2-864FC7DB4452}.Release|x86.Build.0 = Release|Win32
		{55359721-5120-41C5-B9EF-F8F4DC696065}.Debug|Any CPU.ActiveCfg = Debug|Any CPU
		{55359721-5120-41C5-B9EF-F8F4DC696065}.Debug|Any CPU.Build.0 = Debug|Any CPU
		{55359721-5120-41C5-B9EF-F8F4DC696065}.Debug|ARM.ActiveCfg = Debug|ARM
		{55359721-5120-41C5-B9EF-F8F4DC696065}.Debug|ARM.Build.0 = Debug|ARM
		{55359721-5120-41C5-B9EF-F8F4DC696065}.Debug|Mixed Platforms.ActiveCfg = Debug|Any CPU
		{55359721-5120-41C5-B9EF-F8F4DC696065}.Debug|Mixed Platforms.Build.0 = Debug|Any CPU
		{55359721-5120-41C5-B9EF-F8F4DC696065}.Debug|Win32.ActiveCfg = Debug|x86
		{55359721-5120-41C5-B9EF-F8F4DC696065}.Debug|Win32.Build.0 = Debug|x86
		{55359721-5120-41C5-B9EF-F8F4DC696065}.Debug|x64.ActiveCfg = Debug|x64
		{55359721-5120-41C5-B9EF-F8F4DC696065}.Debug|x64.Build.0 = Debug|x64
		{55359721-5120-41C5-B9EF-F8F4DC696065}.Debug|x86.ActiveCfg = Debug|x86
		{55359721-5120-41C5-B9EF-F8F4DC696065}.Debug|x86.Build.0 = Debug|x86
		{55359721-5120-41C5-B9EF-F8F4DC696065}.Release|Any CPU.ActiveCfg = Release|Any CPU
		{55359721-5120-41C5-B9EF-F8F4DC696065}.Release|Any CPU.Build.0 = Release|Any CPU
		{55359721-5120-41C5-B9EF-F8F4DC696065}.Release|ARM.ActiveCfg = Release|ARM
		{55359721-5120-41C5-B9EF-F8F4DC696065}.Release|ARM.Build.0 = Release|ARM
		{55359721-5120-41C5-B9EF-F8F4DC696065}.Release|Mixed Platforms.ActiveCfg = Release|x86
		{55359721-5120-41C5-B9EF-F8F4DC696065}.Release|Mixed Platforms.Build.0 = Release|x86
		{55359721-5120-41C5-B9EF-F8F4DC696065}.Release|Win32.ActiveCfg = Release|x86
		{55359721-5120-41C5-B9EF-F8F4DC696065}.Release|Win32.Build.0 = Release|x86
		{55359721-5120-41C5-B9EF-F8F4DC696065}.Release|x64.ActiveCfg = Release|x64
		{55359721-5120-41C5-B9EF-F8F4DC696065}.Release|x64.Build.0 = Release|x64
		{55359721-5120-41C5-B9EF-F8F4DC696065}.Release|x86.ActiveCfg = Release|x86
		{55359721-5120-41C5-B9EF-F8F4DC696065}.Release|x86.Build.0 = Release|x86
		{5CBF6AC4-4CA3-43C6-8D69-F1FEB941DD17}.Debug|Any CPU.ActiveCfg = Debug|Any CPU
		{5CBF6AC4-4CA3-43C6-8D69-F1FEB941DD17}.Debug|Any CPU.Build.0 = Debug|Any CPU
		{5CBF6AC4-4CA3-43C6-8D69-F1FEB941DD17}.Debug|ARM.ActiveCfg = Debug|ARM
		{5CBF6AC4-4CA3-43C6-8D69-F1FEB941DD17}.Debug|ARM.Build.0 = Debug|ARM
		{5CBF6AC4-4CA3-43C6-8D69-F1FEB941DD17}.Debug|Mixed Platforms.ActiveCfg = Debug|Any CPU
		{5CBF6AC4-4CA3-43C6-8D69-F1FEB941DD17}.Debug|Mixed Platforms.Build.0 = Debug|Any CPU
		{5CBF6AC4-4CA3-43C6-8D69-F1FEB941DD17}.Debug|Win32.ActiveCfg = Debug|x86
		{5CBF6AC4-4CA3-43C6-8D69-F1FEB941DD17}.Debug|Win32.Build.0 = Debug|x86
		{5CBF6AC4-4CA3-43C6-8D69-F1FEB941DD17}.Debug|x64.ActiveCfg = Debug|Any CPU
		{5CBF6AC4-4CA3-43C6-8D69-F1FEB941DD17}.Debug|x86.ActiveCfg = Debug|x86
		{5CBF6AC4-4CA3-43C6-8D69-F1FEB941DD17}.Debug|x86.Build.0 = Debug|x86
		{5CBF6AC4-4CA3-43C6-8D69-F1FEB941DD17}.Release|Any CPU.ActiveCfg = Release|Any CPU
		{5CBF6AC4-4CA3-43C6-8D69-F1FEB941DD17}.Release|Any CPU.Build.0 = Release|Any CPU
		{5CBF6AC4-4CA3-43C6-8D69-F1FEB941DD17}.Release|ARM.ActiveCfg = Release|ARM
		{5CBF6AC4-4CA3-43C6-8D69-F1FEB941DD17}.Release|ARM.Build.0 = Release|ARM
		{5CBF6AC4-4CA3-43C6-8D69-F1FEB941DD17}.Release|Mixed Platforms.ActiveCfg = Release|x86
		{5CBF6AC4-4CA3-43C6-8D69-F1FEB941DD17}.Release|Mixed Platforms.Build.0 = Release|x86
		{5CBF6AC4-4CA3-43C6-8D69-F1FEB941DD17}.Release|Win32.ActiveCfg = Release|x86
		{5CBF6AC4-4CA3-43C6-8D69-F1FEB941DD17}.Release|Win32.Build.0 = Release|x86
		{5CBF6AC4-4CA3-43C6-8D69-F1FEB941DD17}.Release|x64.ActiveCfg = Release|Any CPU
		{5CBF6AC4-4CA3-43C6-8D69-F1FEB941DD17}.Release|x86.ActiveCfg = Release|x86
		{5CBF6AC4-4CA3-43C6-8D69-F1FEB941DD17}.Release|x86.Build.0 = Release|x86
		{E94503D3-9FE7-480E-9396-ABE1E3DB71F2}.Debug|Any CPU.ActiveCfg = Debug|Any CPU
		{E94503D3-9FE7-480E-9396-ABE1E3DB71F2}.Debug|Any CPU.Build.0 = Debug|Any CPU
		{E94503D3-9FE7-480E-9396-ABE1E3DB71F2}.Debug|ARM.ActiveCfg = Debug|ARM
		{E94503D3-9FE7-480E-9396-ABE1E3DB71F2}.Debug|ARM.Build.0 = Debug|ARM
		{E94503D3-9FE7-480E-9396-ABE1E3DB71F2}.Debug|Mixed Platforms.ActiveCfg = Debug|Any CPU
		{E94503D3-9FE7-480E-9396-ABE1E3DB71F2}.Debug|Mixed Platforms.Build.0 = Debug|Any CPU
		{E94503D3-9FE7-480E-9396-ABE1E3DB71F2}.Debug|Win32.ActiveCfg = Debug|x86
		{E94503D3-9FE7-480E-9396-ABE1E3DB71F2}.Debug|Win32.Build.0 = Debug|x86
		{E94503D3-9FE7-480E-9396-ABE1E3DB71F2}.Debug|x64.ActiveCfg = Debug|x64
		{E94503D3-9FE7-480E-9396-ABE1E3DB71F2}.Debug|x64.Build.0 = Debug|x64
		{E94503D3-9FE7-480E-9396-ABE1E3DB71F2}.Debug|x86.ActiveCfg = Debug|x86
		{E94503D3-9FE7-480E-9396-ABE1E3DB71F2}.Debug|x86.Build.0 = Debug|x86
		{E94503D3-9FE7-480E-9396-ABE1E3DB71F2}.Release|Any CPU.ActiveCfg = Release|Any CPU
		{E94503D3-9FE7-480E-9396-ABE1E3DB71F2}.Release|Any CPU.Build.0 = Release|Any CPU
		{E94503D3-9FE7-480E-9396-ABE1E3DB71F2}.Release|ARM.ActiveCfg = Release|ARM
		{E94503D3-9FE7-480E-9396-ABE1E3DB71F2}.Release|ARM.Build.0 = Release|ARM
		{E94503D3-9FE7-480E-9396-ABE1E3DB71F2}.Release|Mixed Platforms.ActiveCfg = Release|x86
		{E94503D3-9FE7-480E-9396-ABE1E3DB71F2}.Release|Mixed Platforms.Build.0 = Release|x86
		{E94503D3-9FE7-480E-9396-ABE1E3DB71F2}.Release|Win32.ActiveCfg = Release|x86
		{E94503D3-9FE7-480E-9396-ABE1E3DB71F2}.Release|Win32.Build.0 = Release|x86
		{E94503D3-9FE7-480E-9396-ABE1E3DB71F2}.Release|x64.ActiveCfg = Release|x64
		{E94503D3-9FE7-480E-9396-ABE1E3DB71F2}.Release|x64.Build.0 = Release|x64
		{E94503D3-9FE7-480E-9396-ABE1E3DB71F2}.Release|x86.ActiveCfg = Release|x86
		{E94503D3-9FE7-480E-9396-ABE1E3DB71F2}.Release|x86.Build.0 = Release|x86
	EndGlobalSection
	GlobalSection(SolutionProperties) = preSolution
		HideSolutionNode = FALSE
	EndGlobalSection
EndGlobal
