
Microsoft Visual Studio Solution File, Format Version 12.00
# Visual Studio 2013
VisualStudioVersion = 12.0.30324.0
MinimumVisualStudioVersion = 10.0.40219.1
Project("{FAE04EC0-301F-11D3-BF4B-00C04F79EFBC}") = "PassKeep.Old", "PassKeep.Old\PassKeep.Old.csproj", "{DAD4C868-0CE2-4AA2-A771-559A50A238AD}"
EndProject
Project("{FAE04EC0-301F-11D3-BF4B-00C04F79EFBC}") = "PassKeep.Tests.Windows", "PassKeep.Tests.Windows\PassKeep.Tests.Windows.csproj", "{71C69787-4283-44DA-AA5C-EFDDFEF7D814}"
EndProject
Project("{FAE04EC0-301F-11D3-BF4B-00C04F79EFBC}") = "SariphLib", "SariphLib\SariphLib.csproj", "{08271934-1601-49D7-BF68-91A342195277}"
EndProject
Project("{2150E333-8FDC-42A3-9474-1A3956D46DE8}") = "NativeKeePassHelper", "NativeKeePassHelper", "{B5EF97D3-5747-4FC6-B41C-B2FAED734A0D}"
EndProject
Project("{8BC9CEB8-8B4A-11D0-8D11-00A0C91BC942}") = "NativeKeePassHelper.Shared", "NativeKeePassHelper\NativeKeePassHelper.Shared\NativeKeePassHelper.Shared.vcxitems", "{A8935EAC-6392-4EE0-83B4-213B20C80299}"
EndProject
Project("{8BC9CEB8-8B4A-11D0-8D11-00A0C91BC942}") = "NativeKeePassHelper.Windows", "NativeKeePassHelper\NativeKeePassHelper.Windows\NativeKeePassHelper.Windows.vcxproj", "{BE114DFA-2BA8-446F-8496-14F1D1976436}"
EndProject
Project("{8BC9CEB8-8B4A-11D0-8D11-00A0C91BC942}") = "NativeKeePassHelper.WindowsPhone", "NativeKeePassHelper\NativeKeePassHelper.WindowsPhone\NativeKeePassHelper.WindowsPhone.vcxproj", "{0CA965A5-F16B-41EC-A4AA-F8B229FDA6ED}"
EndProject
Project("{2150E333-8FDC-42A3-9474-1A3956D46DE8}") = "PassKeep", "PassKeep", "{42E2037F-D613-4FB3-BFAA-4947F4EDF6A9}"
EndProject
Project("{D954291E-2A0B-460D-934E-DC6B0785DB48}") = "PassKeep.Shared", "PassKeep\PassKeep.Shared\PassKeep.Shared.shproj", "{A4CAE75B-1D23-468E-AF0F-D9C9EE40B5FB}"
EndProject
Project("{FAE04EC0-301F-11D3-BF4B-00C04F79EFBC}") = "PassKeep.Windows", "PassKeep\PassKeep.Windows\PassKeep.Windows.csproj", "{B7BCBA37-A899-4D71-A721-0CD58B90DFC5}"
EndProject
Project("{FAE04EC0-301F-11D3-BF4B-00C04F79EFBC}") = "PassKeep.WindowsPhone", "PassKeep\PassKeep.WindowsPhone\PassKeep.WindowsPhone.csproj", "{A4378579-E8CF-428B-A3D2-A23916DB71C7}"
EndProject
Global
	GlobalSection(SharedMSBuildProjectFiles) = preSolution
		NativeKeePassHelper\NativeKeePassHelper.Shared\NativeKeePassHelper.Shared.vcxitems*{be114dfa-2ba8-446f-8496-14f1d1976436}*SharedItemsImports = 4
		NativeKeePassHelper\NativeKeePassHelper.Shared\NativeKeePassHelper.Shared.vcxitems*{a8935eac-6392-4ee0-83b4-213b20c80299}*SharedItemsImports = 9
		PassKeep\PassKeep.Shared\PassKeep.Shared.projitems*{a4378579-e8cf-428b-a3d2-a23916db71c7}*SharedItemsImports = 4
		NativeKeePassHelper\NativeKeePassHelper.Shared\NativeKeePassHelper.Shared.vcxitems*{0ca965a5-f16b-41ec-a4aa-f8b229fda6ed}*SharedItemsImports = 4
		PassKeep\PassKeep.Shared\PassKeep.Shared.projitems*{b7bcba37-a899-4d71-a721-0cd58b90dfc5}*SharedItemsImports = 4
		PassKeep\PassKeep.Shared\PassKeep.Shared.projitems*{a4cae75b-1d23-468e-af0f-d9c9ee40b5fb}*SharedItemsImports = 13
	EndGlobalSection
	GlobalSection(SolutionConfigurationPlatforms) = preSolution
		Debug|Any CPU = Debug|Any CPU
		Debug|ARM = Debug|ARM
		Debug|Mixed Platforms = Debug|Mixed Platforms
		Debug|Win32 = Debug|Win32
		Debug|x64 = Debug|x64
		Debug|x86 = Debug|x86
		Release|Any CPU = Release|Any CPU
		Release|ARM = Release|ARM
		Release|Mixed Platforms = Release|Mixed Platforms
		Release|Win32 = Release|Win32
		Release|x64 = Release|x64
		Release|x86 = Release|x86
	EndGlobalSection
	GlobalSection(ProjectConfigurationPlatforms) = postSolution
		{DAD4C868-0CE2-4AA2-A771-559A50A238AD}.Debug|Any CPU.ActiveCfg = Debug|Any CPU
		{DAD4C868-0CE2-4AA2-A771-559A50A238AD}.Debug|Any CPU.Build.0 = Debug|Any CPU
		{DAD4C868-0CE2-4AA2-A771-559A50A238AD}.Debug|Any CPU.Deploy.0 = Debug|Any CPU
		{DAD4C868-0CE2-4AA2-A771-559A50A238AD}.Debug|ARM.ActiveCfg = Debug|ARM
		{DAD4C868-0CE2-4AA2-A771-559A50A238AD}.Debug|ARM.Build.0 = Debug|ARM
		{DAD4C868-0CE2-4AA2-A771-559A50A238AD}.Debug|ARM.Deploy.0 = Debug|ARM
		{DAD4C868-0CE2-4AA2-A771-559A50A238AD}.Debug|Mixed Platforms.ActiveCfg = Debug|x86
		{DAD4C868-0CE2-4AA2-A771-559A50A238AD}.Debug|Win32.ActiveCfg = Debug|x86
		{DAD4C868-0CE2-4AA2-A771-559A50A238AD}.Debug|Win32.Build.0 = Debug|x86
		{DAD4C868-0CE2-4AA2-A771-559A50A238AD}.Debug|Win32.Deploy.0 = Debug|x86
		{DAD4C868-0CE2-4AA2-A771-559A50A238AD}.Debug|x64.ActiveCfg = Debug|x64
		{DAD4C868-0CE2-4AA2-A771-559A50A238AD}.Debug|x64.Build.0 = Debug|x64
		{DAD4C868-0CE2-4AA2-A771-559A50A238AD}.Debug|x64.Deploy.0 = Debug|x64
		{DAD4C868-0CE2-4AA2-A771-559A50A238AD}.Debug|x86.ActiveCfg = Debug|x86
		{DAD4C868-0CE2-4AA2-A771-559A50A238AD}.Release|Any CPU.ActiveCfg = Release|Any CPU
		{DAD4C868-0CE2-4AA2-A771-559A50A238AD}.Release|Any CPU.Build.0 = Release|Any CPU
		{DAD4C868-0CE2-4AA2-A771-559A50A238AD}.Release|Any CPU.Deploy.0 = Release|Any CPU
		{DAD4C868-0CE2-4AA2-A771-559A50A238AD}.Release|ARM.ActiveCfg = Release|ARM
		{DAD4C868-0CE2-4AA2-A771-559A50A238AD}.Release|ARM.Build.0 = Release|ARM
		{DAD4C868-0CE2-4AA2-A771-559A50A238AD}.Release|ARM.Deploy.0 = Release|ARM
		{DAD4C868-0CE2-4AA2-A771-559A50A238AD}.Release|Mixed Platforms.ActiveCfg = Release|x86
		{DAD4C868-0CE2-4AA2-A771-559A50A238AD}.Release|Mixed Platforms.Build.0 = Release|x86
		{DAD4C868-0CE2-4AA2-A771-559A50A238AD}.Release|Mixed Platforms.Deploy.0 = Release|x86
		{DAD4C868-0CE2-4AA2-A771-559A50A238AD}.Release|Win32.ActiveCfg = Release|x86
		{DAD4C868-0CE2-4AA2-A771-559A50A238AD}.Release|Win32.Build.0 = Release|x86
		{DAD4C868-0CE2-4AA2-A771-559A50A238AD}.Release|Win32.Deploy.0 = Release|x86
		{DAD4C868-0CE2-4AA2-A771-559A50A238AD}.Release|x64.ActiveCfg = Release|x64
		{DAD4C868-0CE2-4AA2-A771-559A50A238AD}.Release|x64.Build.0 = Release|x64
		{DAD4C868-0CE2-4AA2-A771-559A50A238AD}.Release|x64.Deploy.0 = Release|x64
		{DAD4C868-0CE2-4AA2-A771-559A50A238AD}.Release|x86.ActiveCfg = Release|x86
		{DAD4C868-0CE2-4AA2-A771-559A50A238AD}.Release|x86.Build.0 = Release|x86
		{DAD4C868-0CE2-4AA2-A771-559A50A238AD}.Release|x86.Deploy.0 = Release|x86
		{71C69787-4283-44DA-AA5C-EFDDFEF7D814}.Debug|Any CPU.ActiveCfg = Debug|Any CPU
		{71C69787-4283-44DA-AA5C-EFDDFEF7D814}.Debug|Any CPU.Build.0 = Debug|Any CPU
		{71C69787-4283-44DA-AA5C-EFDDFEF7D814}.Debug|Any CPU.Deploy.0 = Debug|Any CPU
		{71C69787-4283-44DA-AA5C-EFDDFEF7D814}.Debug|ARM.ActiveCfg = Debug|ARM
		{71C69787-4283-44DA-AA5C-EFDDFEF7D814}.Debug|ARM.Build.0 = Debug|ARM
		{71C69787-4283-44DA-AA5C-EFDDFEF7D814}.Debug|ARM.Deploy.0 = Debug|ARM
		{71C69787-4283-44DA-AA5C-EFDDFEF7D814}.Debug|Mixed Platforms.ActiveCfg = Debug|x86
		{71C69787-4283-44DA-AA5C-EFDDFEF7D814}.Debug|Mixed Platforms.Build.0 = Debug|x86
		{71C69787-4283-44DA-AA5C-EFDDFEF7D814}.Debug|Mixed Platforms.Deploy.0 = Debug|x86
		{71C69787-4283-44DA-AA5C-EFDDFEF7D814}.Debug|Win32.ActiveCfg = Debug|x86
		{71C69787-4283-44DA-AA5C-EFDDFEF7D814}.Debug|Win32.Build.0 = Debug|x86
		{71C69787-4283-44DA-AA5C-EFDDFEF7D814}.Debug|Win32.Deploy.0 = Debug|x86
		{71C69787-4283-44DA-AA5C-EFDDFEF7D814}.Debug|x64.ActiveCfg = Debug|x64
		{71C69787-4283-44DA-AA5C-EFDDFEF7D814}.Debug|x64.Build.0 = Debug|x64
		{71C69787-4283-44DA-AA5C-EFDDFEF7D814}.Debug|x64.Deploy.0 = Debug|x64
		{71C69787-4283-44DA-AA5C-EFDDFEF7D814}.Debug|x86.ActiveCfg = Debug|x86
		{71C69787-4283-44DA-AA5C-EFDDFEF7D814}.Debug|x86.Build.0 = Debug|x86
		{71C69787-4283-44DA-AA5C-EFDDFEF7D814}.Debug|x86.Deploy.0 = Debug|x86
		{71C69787-4283-44DA-AA5C-EFDDFEF7D814}.Release|Any CPU.ActiveCfg = Release|Any CPU
		{71C69787-4283-44DA-AA5C-EFDDFEF7D814}.Release|Any CPU.Build.0 = Release|Any CPU
		{71C69787-4283-44DA-AA5C-EFDDFEF7D814}.Release|Any CPU.Deploy.0 = Release|Any CPU
		{71C69787-4283-44DA-AA5C-EFDDFEF7D814}.Release|ARM.ActiveCfg = Release|ARM
		{71C69787-4283-44DA-AA5C-EFDDFEF7D814}.Release|ARM.Build.0 = Release|ARM
		{71C69787-4283-44DA-AA5C-EFDDFEF7D814}.Release|ARM.Deploy.0 = Release|ARM
		{71C69787-4283-44DA-AA5C-EFDDFEF7D814}.Release|Mixed Platforms.ActiveCfg = Release|x86
		{71C69787-4283-44DA-AA5C-EFDDFEF7D814}.Release|Mixed Platforms.Build.0 = Release|x86
		{71C69787-4283-44DA-AA5C-EFDDFEF7D814}.Release|Mixed Platforms.Deploy.0 = Release|x86
		{71C69787-4283-44DA-AA5C-EFDDFEF7D814}.Release|Win32.ActiveCfg = Release|x86
		{71C69787-4283-44DA-AA5C-EFDDFEF7D814}.Release|Win32.Build.0 = Release|x86
		{71C69787-4283-44DA-AA5C-EFDDFEF7D814}.Release|Win32.Deploy.0 = Release|x86
		{71C69787-4283-44DA-AA5C-EFDDFEF7D814}.Release|x64.ActiveCfg = Release|x64
		{71C69787-4283-44DA-AA5C-EFDDFEF7D814}.Release|x64.Build.0 = Release|x64
		{71C69787-4283-44DA-AA5C-EFDDFEF7D814}.Release|x64.Deploy.0 = Release|x64
		{71C69787-4283-44DA-AA5C-EFDDFEF7D814}.Release|x86.ActiveCfg = Release|x86
		{71C69787-4283-44DA-AA5C-EFDDFEF7D814}.Release|x86.Build.0 = Release|x86
		{71C69787-4283-44DA-AA5C-EFDDFEF7D814}.Release|x86.Deploy.0 = Release|x86
		{08271934-1601-49D7-BF68-91A342195277}.Debug|Any CPU.ActiveCfg = Debug|Any CPU
		{08271934-1601-49D7-BF68-91A342195277}.Debug|Any CPU.Build.0 = Debug|Any CPU
		{08271934-1601-49D7-BF68-91A342195277}.Debug|ARM.ActiveCfg = Debug|Any CPU
		{08271934-1601-49D7-BF68-91A342195277}.Debug|Mixed Platforms.ActiveCfg = Debug|x86
		{08271934-1601-49D7-BF68-91A342195277}.Debug|Mixed Platforms.Build.0 = Debug|x86
		{08271934-1601-49D7-BF68-91A342195277}.Debug|Win32.ActiveCfg = Debug|Any CPU
		{08271934-1601-49D7-BF68-91A342195277}.Debug|x64.ActiveCfg = Debug|Any CPU
		{08271934-1601-49D7-BF68-91A342195277}.Debug|x86.ActiveCfg = Debug|x86
		{08271934-1601-49D7-BF68-91A342195277}.Debug|x86.Build.0 = Debug|x86
		{08271934-1601-49D7-BF68-91A342195277}.Release|Any CPU.ActiveCfg = Release|Any CPU
		{08271934-1601-49D7-BF68-91A342195277}.Release|Any CPU.Build.0 = Release|Any CPU
		{08271934-1601-49D7-BF68-91A342195277}.Release|ARM.ActiveCfg = Release|Any CPU
		{08271934-1601-49D7-BF68-91A342195277}.Release|Mixed Platforms.ActiveCfg = Release|Any CPU
		{08271934-1601-49D7-BF68-91A342195277}.Release|Mixed Platforms.Build.0 = Release|Any CPU
		{08271934-1601-49D7-BF68-91A342195277}.Release|Win32.ActiveCfg = Release|Any CPU
		{08271934-1601-49D7-BF68-91A342195277}.Release|x64.ActiveCfg = Release|Any CPU
		{08271934-1601-49D7-BF68-91A342195277}.Release|x86.ActiveCfg = Release|Any CPU
		{BE114DFA-2BA8-446F-8496-14F1D1976436}.Debug|Any CPU.ActiveCfg = Debug|Win32
		{BE114DFA-2BA8-446F-8496-14F1D1976436}.Debug|ARM.ActiveCfg = Debug|ARM
		{BE114DFA-2BA8-446F-8496-14F1D1976436}.Debug|ARM.Build.0 = Debug|ARM
		{BE114DFA-2BA8-446F-8496-14F1D1976436}.Debug|Mixed Platforms.ActiveCfg = Debug|Win32
		{BE114DFA-2BA8-446F-8496-14F1D1976436}.Debug|Mixed Platforms.Build.0 = Debug|Win32
		{BE114DFA-2BA8-446F-8496-14F1D1976436}.Debug|Win32.ActiveCfg = Debug|Win32
		{BE114DFA-2BA8-446F-8496-14F1D1976436}.Debug|Win32.Build.0 = Debug|Win32
		{BE114DFA-2BA8-446F-8496-14F1D1976436}.Debug|x64.ActiveCfg = Debug|x64
		{BE114DFA-2BA8-446F-8496-14F1D1976436}.Debug|x64.Build.0 = Debug|x64
		{BE114DFA-2BA8-446F-8496-14F1D1976436}.Debug|x86.ActiveCfg = Debug|Win32
		{BE114DFA-2BA8-446F-8496-14F1D1976436}.Debug|x86.Build.0 = Debug|Win32
		{BE114DFA-2BA8-446F-8496-14F1D1976436}.Release|Any CPU.ActiveCfg = Release|Win32
		{BE114DFA-2BA8-446F-8496-14F1D1976436}.Release|ARM.ActiveCfg = Release|ARM
		{BE114DFA-2BA8-446F-8496-14F1D1976436}.Release|ARM.Build.0 = Release|ARM
		{BE114DFA-2BA8-446F-8496-14F1D1976436}.Release|Mixed Platforms.ActiveCfg = Release|Win32
		{BE114DFA-2BA8-446F-8496-14F1D1976436}.Release|Mixed Platforms.Build.0 = Release|Win32
		{BE114DFA-2BA8-446F-8496-14F1D1976436}.Release|Win32.ActiveCfg = Release|Win32
		{BE114DFA-2BA8-446F-8496-14F1D1976436}.Release|Win32.Build.0 = Release|Win32
		{BE114DFA-2BA8-446F-8496-14F1D1976436}.Release|x64.ActiveCfg = Release|x64
		{BE114DFA-2BA8-446F-8496-14F1D1976436}.Release|x64.Build.0 = Release|x64
		{BE114DFA-2BA8-446F-8496-14F1D1976436}.Release|x86.ActiveCfg = Release|Win32
		{BE114DFA-2BA8-446F-8496-14F1D1976436}.Release|x86.Build.0 = Release|Win32
		{0CA965A5-F16B-41EC-A4AA-F8B229FDA6ED}.Debug|Any CPU.ActiveCfg = Debug|Win32
		{0CA965A5-F16B-41EC-A4AA-F8B229FDA6ED}.Debug|ARM.ActiveCfg = Debug|ARM
		{0CA965A5-F16B-41EC-A4AA-F8B229FDA6ED}.Debug|ARM.Build.0 = Debug|ARM
		{0CA965A5-F16B-41EC-A4AA-F8B229FDA6ED}.Debug|Mixed Platforms.ActiveCfg = Debug|Win32
		{0CA965A5-F16B-41EC-A4AA-F8B229FDA6ED}.Debug|Mixed Platforms.Build.0 = Debug|Win32
		{0CA965A5-F16B-41EC-A4AA-F8B229FDA6ED}.Debug|Win32.ActiveCfg = Debug|Win32
		{0CA965A5-F16B-41EC-A4AA-F8B229FDA6ED}.Debug|Win32.Build.0 = Debug|Win32
		{0CA965A5-F16B-41EC-A4AA-F8B229FDA6ED}.Debug|x64.ActiveCfg = Debug|Win32
		{0CA965A5-F16B-41EC-A4AA-F8B229FDA6ED}.Debug|x86.ActiveCfg = Debug|Win32
		{0CA965A5-F16B-41EC-A4AA-F8B229FDA6ED}.Debug|x86.Build.0 = Debug|Win32
		{0CA965A5-F16B-41EC-A4AA-F8B229FDA6ED}.Release|Any CPU.ActiveCfg = Release|Win32
		{0CA965A5-F16B-41EC-A4AA-F8B229FDA6ED}.Release|ARM.ActiveCfg = Release|ARM
		{0CA965A5-F16B-41EC-A4AA-F8B229FDA6ED}.Release|ARM.Build.0 = Release|ARM
		{0CA965A5-F16B-41EC-A4AA-F8B229FDA6ED}.Release|Mixed Platforms.ActiveCfg = Release|Win32
		{0CA965A5-F16B-41EC-A4AA-F8B229FDA6ED}.Release|Mixed Platforms.Build.0 = Release|Win32
		{0CA965A5-F16B-41EC-A4AA-F8B229FDA6ED}.Release|Win32.ActiveCfg = Release|Win32
		{0CA965A5-F16B-41EC-A4AA-F8B229FDA6ED}.Release|Win32.Build.0 = Release|Win32
		{0CA965A5-F16B-41EC-A4AA-F8B229FDA6ED}.Release|x64.ActiveCfg = Release|Win32
		{0CA965A5-F16B-41EC-A4AA-F8B229FDA6ED}.Release|x86.ActiveCfg = Release|Win32
		{0CA965A5-F16B-41EC-A4AA-F8B229FDA6ED}.Release|x86.Build.0 = Release|Win32
		{B7BCBA37-A899-4D71-A721-0CD58B90DFC5}.Debug|Any CPU.ActiveCfg = Debug|Any CPU
		{B7BCBA37-A899-4D71-A721-0CD58B90DFC5}.Debug|Any CPU.Build.0 = Debug|Any CPU
		{B7BCBA37-A899-4D71-A721-0CD58B90DFC5}.Debug|Any CPU.Deploy.0 = Debug|Any CPU
		{B7BCBA37-A899-4D71-A721-0CD58B90DFC5}.Debug|ARM.ActiveCfg = Debug|ARM
		{B7BCBA37-A899-4D71-A721-0CD58B90DFC5}.Debug|ARM.Build.0 = Debug|ARM
		{B7BCBA37-A899-4D71-A721-0CD58B90DFC5}.Debug|ARM.Deploy.0 = Debug|ARM
		{B7BCBA37-A899-4D71-A721-0CD58B90DFC5}.Debug|Mixed Platforms.ActiveCfg = Debug|x86
		{B7BCBA37-A899-4D71-A721-0CD58B90DFC5}.Debug|Mixed Platforms.Build.0 = Debug|x86
		{B7BCBA37-A899-4D71-A721-0CD58B90DFC5}.Debug|Mixed Platforms.Deploy.0 = Debug|x86
		{B7BCBA37-A899-4D71-A721-0CD58B90DFC5}.Debug|Win32.ActiveCfg = Debug|x86
		{B7BCBA37-A899-4D71-A721-0CD58B90DFC5}.Debug|Win32.Build.0 = Debug|x86
		{B7BCBA37-A899-4D71-A721-0CD58B90DFC5}.Debug|Win32.Deploy.0 = Debug|x86
		{B7BCBA37-A899-4D71-A721-0CD58B90DFC5}.Debug|x64.ActiveCfg = Debug|x64
		{B7BCBA37-A899-4D71-A721-0CD58B90DFC5}.Debug|x64.Build.0 = Debug|x64
		{B7BCBA37-A899-4D71-A721-0CD58B90DFC5}.Debug|x64.Deploy.0 = Debug|x64
		{B7BCBA37-A899-4D71-A721-0CD58B90DFC5}.Debug|x86.ActiveCfg = Debug|x86
		{B7BCBA37-A899-4D71-A721-0CD58B90DFC5}.Debug|x86.Build.0 = Debug|x86
		{B7BCBA37-A899-4D71-A721-0CD58B90DFC5}.Debug|x86.Deploy.0 = Debug|x86
		{B7BCBA37-A899-4D71-A721-0CD58B90DFC5}.Release|Any CPU.ActiveCfg = Release|Any CPU
		{B7BCBA37-A899-4D71-A721-0CD58B90DFC5}.Release|Any CPU.Build.0 = Release|Any CPU
		{B7BCBA37-A899-4D71-A721-0CD58B90DFC5}.Release|Any CPU.Deploy.0 = Release|Any CPU
		{B7BCBA37-A899-4D71-A721-0CD58B90DFC5}.Release|ARM.ActiveCfg = Release|ARM
		{B7BCBA37-A899-4D71-A721-0CD58B90DFC5}.Release|ARM.Build.0 = Release|ARM
		{B7BCBA37-A899-4D71-A721-0CD58B90DFC5}.Release|ARM.Deploy.0 = Release|ARM
		{B7BCBA37-A899-4D71-A721-0CD58B90DFC5}.Release|Mixed Platforms.ActiveCfg = Release|x86
		{B7BCBA37-A899-4D71-A721-0CD58B90DFC5}.Release|Mixed Platforms.Build.0 = Release|x86
		{B7BCBA37-A899-4D71-A721-0CD58B90DFC5}.Release|Mixed Platforms.Deploy.0 = Release|x86
		{B7BCBA37-A899-4D71-A721-0CD58B90DFC5}.Release|Win32.ActiveCfg = Release|x86
		{B7BCBA37-A899-4D71-A721-0CD58B90DFC5}.Release|Win32.Build.0 = Release|x86
		{B7BCBA37-A899-4D71-A721-0CD58B90DFC5}.Release|Win32.Deploy.0 = Release|x86
		{B7BCBA37-A899-4D71-A721-0CD58B90DFC5}.Release|x64.ActiveCfg = Release|x64
		{B7BCBA37-A899-4D71-A721-0CD58B90DFC5}.Release|x64.Build.0 = Release|x64
		{B7BCBA37-A899-4D71-A721-0CD58B90DFC5}.Release|x64.Deploy.0 = Release|x64
		{B7BCBA37-A899-4D71-A721-0CD58B90DFC5}.Release|x86.ActiveCfg = Release|x86
		{B7BCBA37-A899-4D71-A721-0CD58B90DFC5}.Release|x86.Build.0 = Release|x86
		{B7BCBA37-A899-4D71-A721-0CD58B90DFC5}.Release|x86.Deploy.0 = Release|x86
		{A4378579-E8CF-428B-A3D2-A23916DB71C7}.Debug|Any CPU.ActiveCfg = Debug|Any CPU
		{A4378579-E8CF-428B-A3D2-A23916DB71C7}.Debug|Any CPU.Build.0 = Debug|Any CPU
		{A4378579-E8CF-428B-A3D2-A23916DB71C7}.Debug|Any CPU.Deploy.0 = Debug|Any CPU
		{A4378579-E8CF-428B-A3D2-A23916DB71C7}.Debug|ARM.ActiveCfg = Debug|ARM
		{A4378579-E8CF-428B-A3D2-A23916DB71C7}.Debug|ARM.Build.0 = Debug|ARM
		{A4378579-E8CF-428B-A3D2-A23916DB71C7}.Debug|ARM.Deploy.0 = Debug|ARM
		{A4378579-E8CF-428B-A3D2-A23916DB71C7}.Debug|Mixed Platforms.ActiveCfg = Debug|x86
		{A4378579-E8CF-428B-A3D2-A23916DB71C7}.Debug|Mixed Platforms.Build.0 = Debug|x86
		{A4378579-E8CF-428B-A3D2-A23916DB71C7}.Debug|Mixed Platforms.Deploy.0 = Debug|x86
		{A4378579-E8CF-428B-A3D2-A23916DB71C7}.Debug|Win32.ActiveCfg = Debug|x86
		{A4378579-E8CF-428B-A3D2-A23916DB71C7}.Debug|Win32.Build.0 = Debug|x86
		{A4378579-E8CF-428B-A3D2-A23916DB71C7}.Debug|Win32.Deploy.0 = Debug|x86
		{A4378579-E8CF-428B-A3D2-A23916DB71C7}.Debug|x64.ActiveCfg = Debug|Any CPU
		{A4378579-E8CF-428B-A3D2-A23916DB71C7}.Debug|x86.ActiveCfg = Debug|x86
		{A4378579-E8CF-428B-A3D2-A23916DB71C7}.Debug|x86.Build.0 = Debug|x86
		{A4378579-E8CF-428B-A3D2-A23916DB71C7}.Debug|x86.Deploy.0 = Debug|x86
		{A4378579-E8CF-428B-A3D2-A23916DB71C7}.Release|Any CPU.ActiveCfg = Release|Any CPU
		{A4378579-E8CF-428B-A3D2-A23916DB71C7}.Release|Any CPU.Build.0 = Release|Any CPU
		{A4378579-E8CF-428B-A3D2-A23916DB71C7}.Release|Any CPU.Deploy.0 = Release|Any CPU
		{A4378579-E8CF-428B-A3D2-A23916DB71C7}.Release|ARM.ActiveCfg = Release|ARM
		{A4378579-E8CF-428B-A3D2-A23916DB71C7}.Release|ARM.Build.0 = Release|ARM
		{A4378579-E8CF-428B-A3D2-A23916DB71C7}.Release|ARM.Deploy.0 = Release|ARM
		{A4378579-E8CF-428B-A3D2-A23916DB71C7}.Release|Mixed Platforms.ActiveCfg = Release|x86
		{A4378579-E8CF-428B-A3D2-A23916DB71C7}.Release|Mixed Platforms.Build.0 = Release|x86
		{A4378579-E8CF-428B-A3D2-A23916DB71C7}.Release|Mixed Platforms.Deploy.0 = Release|x86
		{A4378579-E8CF-428B-A3D2-A23916DB71C7}.Release|Win32.ActiveCfg = Release|x86
		{A4378579-E8CF-428B-A3D2-A23916DB71C7}.Release|Win32.Build.0 = Release|x86
		{A4378579-E8CF-428B-A3D2-A23916DB71C7}.Release|Win32.Deploy.0 = Release|x86
		{A4378579-E8CF-428B-A3D2-A23916DB71C7}.Release|x64.ActiveCfg = Release|Any CPU
		{A4378579-E8CF-428B-A3D2-A23916DB71C7}.Release|x86.ActiveCfg = Release|x86
		{A4378579-E8CF-428B-A3D2-A23916DB71C7}.Release|x86.Build.0 = Release|x86
		{A4378579-E8CF-428B-A3D2-A23916DB71C7}.Release|x86.Deploy.0 = Release|x86
	EndGlobalSection
	GlobalSection(SolutionProperties) = preSolution
		HideSolutionNode = FALSE
	EndGlobalSection
	GlobalSection(NestedProjects) = preSolution
		{A8935EAC-6392-4EE0-83B4-213B20C80299} = {B5EF97D3-5747-4FC6-B41C-B2FAED734A0D}
		{BE114DFA-2BA8-446F-8496-14F1D1976436} = {B5EF97D3-5747-4FC6-B41C-B2FAED734A0D}
		{0CA965A5-F16B-41EC-A4AA-F8B229FDA6ED} = {B5EF97D3-5747-4FC6-B41C-B2FAED734A0D}
		{A4CAE75B-1D23-468E-AF0F-D9C9EE40B5FB} = {42E2037F-D613-4FB3-BFAA-4947F4EDF6A9}
		{B7BCBA37-A899-4D71-A721-0CD58B90DFC5} = {42E2037F-D613-4FB3-BFAA-4947F4EDF6A9}
		{A4378579-E8CF-428B-A3D2-A23916DB71C7} = {42E2037F-D613-4FB3-BFAA-4947F4EDF6A9}
	EndGlobalSection
EndGlobal
